# This file was autogenerated by Stack.
# You should not edit this file by hand.
# For more information, please see the documentation at:
#   https://docs.haskellstack.org/en/stable/lock_files

packages:
- completed:
    hackage: heroku-0.1.2.3@sha256:8a5f7b9a0a60178a6edb1e5e8cbcdb8d5ffb407939bc30deb8ae7d05e879e9a7,928
    pantry-tree:
      size: 497
      sha256: 4ecfc76d483616cb8b5968e12896acbab7662b18894f7a82b7cb7d214da71f43
  original:
    hackage: heroku-0.1.2.3
- completed:
    hackage: heroku-persistent-0.2.0@sha256:b39fde2b472aa3cfabe90fb60c8a486b026367280a1e2ccff9844204f08427ba,1487
    pantry-tree:
      size: 243
      sha256: b88bb3323064c3a80c3a4ab36595a1fa31fee7591380d19d6e52e202b1f5d1cc
  original:
    hackage: heroku-persistent-0.2.0
snapshots:
- completed:
    size: 489011
    url: https://raw.githubusercontent.com/commercialhaskell/stackage-snapshots/master/lts/15/1.yaml
    sha256: d4ecc42b7125d68e4c3c036a08046ad0cd02ae0d9efbe3af2223a00ff8cc16f3
  original: lts-15.1
